
Microsoft Visual Studio Solution File, Format Version 12.00
# Visual Studio 2017
Project("{FAE04EC0-301F-11D3-BF4B-00C04F79EFBC}") = "task2d.Plugins", "task2d.Plugins.csproj", "{DAAD1709-986C-3FE8-82DD-3BE382A90E5E}"
EndProject
Project("{FAE04EC0-301F-11D3-BF4B-00C04F79EFBC}") = "task2d", "task2d.csproj", "{9FB4547A-310F-FB3F-80D6-E349219AF2DC}"
EndProject
Project("{FAE04EC0-301F-11D3-BF4B-00C04F79EFBC}") = "task2d.Editor.Plugins", "task2d.Editor.Plugins.csproj", "{5B68F534-769C-A993-6237-45F96105B624}"
EndProject
Global
	GlobalSection(SolutionConfigurationPlatforms) = preSolution
		Debug|Any CPU = Debug|Any CPU
		Release|Any CPU = Release|Any CPU
	EndGlobalSection
	GlobalSection(ProjectConfigurationPlatforms) = postSolution
		{DAAD1709-986C-3FE8-82DD-3BE382A90E5E}.Debug|Any CPU.ActiveCfg = Debug|Any CPU
		{DAAD1709-986C-3FE8-82DD-3BE382A90E5E}.Debug|Any CPU.Build.0 = Debug|Any CPU
		{DAAD1709-986C-3FE8-82DD-3BE382A90E5E}.Release|Any CPU.ActiveCfg = Release|Any CPU
		{DAAD1709-986C-3FE8-82DD-3BE382A90E5E}.Release|Any CPU.Build.0 = Release|Any CPU
		{9FB4547A-310F-FB3F-80D6-E349219AF2DC}.Debug|Any CPU.ActiveCfg = Debug|Any CPU
		{9FB4547A-310F-FB3F-80D6-E349219AF2DC}.Debug|Any CPU.Build.0 = Debug|Any CPU
		{9FB4547A-310F-FB3F-80D6-E349219AF2DC}.Release|Any CPU.ActiveCfg = Release|Any CPU
		{9FB4547A-310F-FB3F-80D6-E349219AF2DC}.Release|Any CPU.Build.0 = Release|Any CPU
		{5B68F534-769C-A993-6237-45F96105B624}.Debug|Any CPU.ActiveCfg = Debug|Any CPU
		{5B68F534-769C-A993-6237-45F96105B624}.Debug|Any CPU.Build.0 = Debug|Any CPU
		{5B68F534-769C-A993-6237-45F96105B624}.Release|Any CPU.ActiveCfg = Release|Any CPU
		{5B68F534-769C-A993-6237-45F96105B624}.Release|Any CPU.Build.0 = Release|Any CPU
	EndGlobalSection
	GlobalSection(SolutionProperties) = preSolution
		HideSolutionNode = FALSE
	EndGlobalSection
EndGlobal
